
Microsoft Visual Studio Solution File, Format Version 12.00
# Visual Studio Version 16
VisualStudioVersion = 16.0.31205.134
MinimumVisualStudioVersion = 10.0.40219.1
Project("{2150E333-8FDC-42A3-9474-1A3956D46DE8}") = "src", "src", "{9AE741ED-933E-4386-9621-9F5F490718A0}"
EndProject
Project("{2150E333-8FDC-42A3-9474-1A3956D46DE8}") = "test", "test", "{B62FE8A2-C5F4-4FFD-AC80-0E33542DBD8D}"
EndProject
Project("{2150E333-8FDC-42A3-9474-1A3956D46DE8}") = "Core", "Core", "{D4A29B86-ADFC-490C-B153-5DFEBBF8C57D}"
EndProject
Project("{2150E333-8FDC-42A3-9474-1A3956D46DE8}") = "Api", "Api", "{9C7510E7-3CC2-4040-BB70-E536005C08B2}"
EndProject
Project("{2150E333-8FDC-42A3-9474-1A3956D46DE8}") = "Infrastructure", "Infrastructure", "{2EF7DECC-6BE5-413C-B1E3-911C3C61AB63}"
EndProject
Project("{2150E333-8FDC-42A3-9474-1A3956D46DE8}") = "Blazor", "Blazor", "{556792EB-4E97-4558-BB5E-61CA71A9E67D}"
EndProject
Project("{9A19103F-16F7-4668-BE54-9A1E7A4F7556}") = "NaturalSelection.Domain", "NaturalSelection.Domain\NaturalSelection.Domain.csproj", "{565A67CB-1EE5-48F9-A2F3-C0D7C264C94C}"
EndProject
Project("{FAE04EC0-301F-11D3-BF4B-00C04F79EFBC}") = "NaturalSelection.Application", "NaturalSelection.Application\NaturalSelection.Application.csproj", "{E0FB1A6C-D716-47A1-A5CE-41DDA5C9A53B}"
EndProject
Project("{FAE04EC0-301F-11D3-BF4B-00C04F79EFBC}") = "NaturalSelection.Persistance", "NaturalSelection.Persistance\NaturalSelection.Persistance.csproj", "{424D2BE7-45D7-46CB-943A-A660A89DE6F9}"
EndProject
Project("{FAE04EC0-301F-11D3-BF4B-00C04F79EFBC}") = "NaturalSelectionApi", "NaturalSelectionApi\NaturalSelectionApi.csproj", "{2612D548-F977-4286-B052-5A848753B575}"
EndProject
Project("{FAE04EC0-301F-11D3-BF4B-00C04F79EFBC}") = "NaturalSelection.Identity", "NaturalSelection.Identity\NaturalSelection.Identity.csproj", "{1135EDDC-57AC-466A-97E1-B9FA45EEACF4}"
EndProject
Global
	GlobalSection(SolutionConfigurationPlatforms) = preSolution
		Debug|Any CPU = Debug|Any CPU
		Release|Any CPU = Release|Any CPU
	EndGlobalSection
	GlobalSection(ProjectConfigurationPlatforms) = postSolution
		{565A67CB-1EE5-48F9-A2F3-C0D7C264C94C}.Debug|Any CPU.ActiveCfg = Debug|Any CPU
		{565A67CB-1EE5-48F9-A2F3-C0D7C264C94C}.Debug|Any CPU.Build.0 = Debug|Any CPU
		{565A67CB-1EE5-48F9-A2F3-C0D7C264C94C}.Release|Any CPU.ActiveCfg = Release|Any CPU
		{565A67CB-1EE5-48F9-A2F3-C0D7C264C94C}.Release|Any CPU.Build.0 = Release|Any CPU
		{E0FB1A6C-D716-47A1-A5CE-41DDA5C9A53B}.Debug|Any CPU.ActiveCfg = Debug|Any CPU
		{E0FB1A6C-D716-47A1-A5CE-41DDA5C9A53B}.Debug|Any CPU.Build.0 = Debug|Any CPU
		{E0FB1A6C-D716-47A1-A5CE-41DDA5C9A53B}.Release|Any CPU.ActiveCfg = Release|Any CPU
		{E0FB1A6C-D716-47A1-A5CE-41DDA5C9A53B}.Release|Any CPU.Build.0 = Release|Any CPU
		{424D2BE7-45D7-46CB-943A-A660A89DE6F9}.Debug|Any CPU.ActiveCfg = Debug|Any CPU
		{424D2BE7-45D7-46CB-943A-A660A89DE6F9}.Debug|Any CPU.Build.0 = Debug|Any CPU
		{424D2BE7-45D7-46CB-943A-A660A89DE6F9}.Release|Any CPU.ActiveCfg = Release|Any CPU
		{424D2BE7-45D7-46CB-943A-A660A89DE6F9}.Release|Any CPU.Build.0 = Release|Any CPU
		{2612D548-F977-4286-B052-5A848753B575}.Debug|Any CPU.ActiveCfg = Debug|Any CPU
		{2612D548-F977-4286-B052-5A848753B575}.Debug|Any CPU.Build.0 = Debug|Any CPU
		{2612D548-F977-4286-B052-5A848753B575}.Release|Any CPU.ActiveCfg = Release|Any CPU
		{2612D548-F977-4286-B052-5A848753B575}.Release|Any CPU.Build.0 = Release|Any CPU
		{1135EDDC-57AC-466A-97E1-B9FA45EEACF4}.Debug|Any CPU.ActiveCfg = Debug|Any CPU
		{1135EDDC-57AC-466A-97E1-B9FA45EEACF4}.Debug|Any CPU.Build.0 = Debug|Any CPU
		{1135EDDC-57AC-466A-97E1-B9FA45EEACF4}.Release|Any CPU.ActiveCfg = Release|Any CPU
		{1135EDDC-57AC-466A-97E1-B9FA45EEACF4}.Release|Any CPU.Build.0 = Release|Any CPU
	EndGlobalSection
	GlobalSection(SolutionProperties) = preSolution
		HideSolutionNode = FALSE
	EndGlobalSection
	GlobalSection(NestedProjects) = preSolution
		{D4A29B86-ADFC-490C-B153-5DFEBBF8C57D} = {9AE741ED-933E-4386-9621-9F5F490718A0}
		{9C7510E7-3CC2-4040-BB70-E536005C08B2} = {9AE741ED-933E-4386-9621-9F5F490718A0}
		{2EF7DECC-6BE5-413C-B1E3-911C3C61AB63} = {9AE741ED-933E-4386-9621-9F5F490718A0}
		{556792EB-4E97-4558-BB5E-61CA71A9E67D} = {9AE741ED-933E-4386-9621-9F5F490718A0}
		{565A67CB-1EE5-48F9-A2F3-C0D7C264C94C} = {D4A29B86-ADFC-490C-B153-5DFEBBF8C57D}
		{E0FB1A6C-D716-47A1-A5CE-41DDA5C9A53B} = {D4A29B86-ADFC-490C-B153-5DFEBBF8C57D}
		{424D2BE7-45D7-46CB-943A-A660A89DE6F9} = {2EF7DECC-6BE5-413C-B1E3-911C3C61AB63}
		{2612D548-F977-4286-B052-5A848753B575} = {9C7510E7-3CC2-4040-BB70-E536005C08B2}
		{1135EDDC-57AC-466A-97E1-B9FA45EEACF4} = {2EF7DECC-6BE5-413C-B1E3-911C3C61AB63}
	EndGlobalSection
	GlobalSection(ExtensibilityGlobals) = postSolution
		SolutionGuid = {D003B18F-7093-4B43-A7AD-4F7E5C5F060B}
	EndGlobalSection
EndGlobal
